// !$*UTF8*$!
{
	archiveVersion = 1;
	classes = {
	};
	objectVersion = 55;
	objects = {

/* Begin PBXBuildFile section */
		A1FBA25E28A012CC0061E35A /* AppDelegate.swift in Sources */ = {isa = PBXBuildFile; fileRef = A1FBA25D28A012CC0061E35A /* AppDelegate.swift */; };
		A1FBA26028A012CC0061E35A /* SceneDelegate.swift in Sources */ = {isa = PBXBuildFile; fileRef = A1FBA25F28A012CC0061E35A /* SceneDelegate.swift */; };
		A1FBA26228A012CC0061E35A /* ViewController.swift in Sources */ = {isa = PBXBuildFile; fileRef = A1FBA26128A012CC0061E35A /* ViewController.swift */; };
		A1FBA26528A012CC0061E35A /* Main.storyboard in Resources */ = {isa = PBXBuildFile; fileRef = A1FBA26328A012CC0061E35A /* Main.storyboard */; };
		A1FBA26728A012CF0061E35A /* Assets.xcassets in Resources */ = {isa = PBXBuildFile; fileRef = A1FBA26628A012CF0061E35A /* Assets.xcassets */; };
		A1FBA26A28A012CF0061E35A /* LaunchScreen.storyboard in Resources */ = {isa = PBXBuildFile; fileRef = A1FBA26828A012CF0061E35A /* LaunchScreen.storyboard */; };
		A1FBA27528A012CF0061E35A /* CoordinatorsTests.swift in Sources */ = {isa = PBXBuildFile; fileRef = A1FBA27428A012CF0061E35A /* CoordinatorsTests.swift */; };
		A1FBA27F28A012CF0061E35A /* CoordinatorsUITests.swift in Sources */ = {isa = PBXBuildFile; fileRef = A1FBA27E28A012CF0061E35A /* CoordinatorsUITests.swift */; };
		A1FBA28128A012CF0061E35A /* CoordinatorsUITestsLaunchTests.swift in Sources */ = {isa = PBXBuildFile; fileRef = A1FBA28028A012CF0061E35A /* CoordinatorsUITestsLaunchTests.swift */; };
		A1FBA28E28A0134E0061E35A /* Coordinator.swift in Sources */ = {isa = PBXBuildFile; fileRef = A1FBA28D28A0134E0061E35A /* Coordinator.swift */; };
/* End PBXBuildFile section */

/* Begin PBXContainerItemProxy section */
		A1FBA27128A012CF0061E35A /* PBXContainerItemProxy */ = {
			isa = PBXContainerItemProxy;
			containerPortal = A1FBA25228A012CC0061E35A /* Project object */;
			proxyType = 1;
			remoteGlobalIDString = A1FBA25928A012CC0061E35A;
			remoteInfo = Coordinators;
		};
		A1FBA27B28A012CF0061E35A /* PBXContainerItemProxy */ = {
			isa = PBXContainerItemProxy;
			containerPortal = A1FBA25228A012CC0061E35A /* Project object */;
			proxyType = 1;
			remoteGlobalIDString = A1FBA25928A012CC0061E35A;
			remoteInfo = Coordinators;
		};
/* End PBXContainerItemProxy section */

/* Begin PBXFileReference section */
		A1FBA25A28A012CC0061E35A /* Coordinators.app */ = {isa = PBXFileReference; explicitFileType = wrapper.application; includeInIndex = 0; path = Coordinators.app; sourceTree = BUILT_PRODUCTS_DIR; };
		A1FBA25D28A012CC0061E35A /* AppDelegate.swift */ = {isa = PBXFileReference; lastKnownFileType = sourcecode.swift; path = AppDelegate.swift; sourceTree = "<group>"; };
		A1FBA25F28A012CC0061E35A /* SceneDelegate.swift */ = {isa = PBXFileReference; lastKnownFileType = sourcecode.swift; path = SceneDelegate.swift; sourceTree = "<group>"; };
		A1FBA26128A012CC0061E35A /* ViewController.swift */ = {isa = PBXFileReference; lastKnownFileType = sourcecode.swift; path = ViewController.swift; sourceTree = "<group>"; };
		A1FBA26428A012CC0061E35A /* Base */ = {isa = PBXFileReference; lastKnownFileType = file.storyboard; name = Base; path = Base.lproj/Main.storyboard; sourceTree = "<group>"; };
		A1FBA26628A012CF0061E35A /* Assets.xcassets */ = {isa = PBXFileReference; lastKnownFileType = folder.assetcatalog; path = Assets.xcassets; sourceTree = "<group>"; };
		A1FBA26928A012CF0061E35A /* Base */ = {isa = PBXFileReference; lastKnownFileType = file.storyboard; name = Base; path = Base.lproj/LaunchScreen.storyboard; sourceTree = "<group>"; };
		A1FBA26B28A012CF0061E35A /* Info.plist */ = {isa = PBXFileReference; lastKnownFileType = text.plist.xml; path = Info.plist; sourceTree = "<group>"; };
		A1FBA27028A012CF0061E35A /* CoordinatorsTests.xctest */ = {isa = PBXFileReference; explicitFileType = wrapper.cfbundle; includeInIndex = 0; path = CoordinatorsTests.xctest; sourceTree = BUILT_PRODUCTS_DIR; };
		A1FBA27428A012CF0061E35A /* CoordinatorsTests.swift */ = {isa = PBXFileReference; lastKnownFileType = sourcecode.swift; path = CoordinatorsTests.swift; sourceTree = "<group>"; };
		A1FBA27A28A012CF0061E35A /* CoordinatorsUITests.xctest */ = {isa = PBXFileReference; explicitFileType = wrapper.cfbundle; includeInIndex = 0; path = CoordinatorsUITests.xctest; sourceTree = BUILT_PRODUCTS_DIR; };
		A1FBA27E28A012CF0061E35A /* CoordinatorsUITests.swift */ = {isa = PBXFileReference; lastKnownFileType = sourcecode.swift; path = CoordinatorsUITests.swift; sourceTree = "<group>"; };
		A1FBA28028A012CF0061E35A /* CoordinatorsUITestsLaunchTests.swift */ = {isa = PBXFileReference; lastKnownFileType = sourcecode.swift; path = CoordinatorsUITestsLaunchTests.swift; sourceTree = "<group>"; };
		A1FBA28D28A0134E0061E35A /* Coordinator.swift */ = {isa = PBXFileReference; lastKnownFileType = sourcecode.swift; path = Coordinator.swift; sourceTree = "<group>"; };
/* End PBXFileReference section */

/* Begin PBXFrameworksBuildPhase section */
		A1FBA25728A012CC0061E35A /* Frameworks */ = {
			isa = PBXFrameworksBuildPhase;
			buildActionMask = 2147483647;
			files = (
			);
			runOnlyForDeploymentPostprocessing = 0;
		};
		A1FBA26D28A012CF0061E35A /* Frameworks */ = {
			isa = PBXFrameworksBuildPhase;
			buildActionMask = 2147483647;
			files = (
			);
			runOnlyForDeploymentPostprocessing = 0;
		};
		A1FBA27728A012CF0061E35A /* Frameworks */ = {
			isa = PBXFrameworksBuildPhase;
			buildActionMask = 2147483647;
			files = (
			);
			runOnlyForDeploymentPostprocessing = 0;
		};
/* End PBXFrameworksBuildPhase section */

/* Begin PBXGroup section */
		A1FBA25128A012CC0061E35A = {
			isa = PBXGroup;
			children = (
				A1FBA25C28A012CC0061E35A /* Coordinators */,
				A1FBA27328A012CF0061E35A /* CoordinatorsTests */,
				A1FBA27D28A012CF0061E35A /* CoordinatorsUITests */,
				A1FBA25B28A012CC0061E35A /* Products */,
			);
			sourceTree = "<group>";
		};
		A1FBA25B28A012CC0061E35A /* Products */ = {
			isa = PBXGroup;
			children = (
				A1FBA25A28A012CC0061E35A /* Coordinators.app */,
				A1FBA27028A012CF0061E35A /* CoordinatorsTests.xctest */,
				A1FBA27A28A012CF0061E35A /* CoordinatorsUITests.xctest */,
			);
			name = Products;
			sourceTree = "<group>";
		};
		A1FBA25C28A012CC0061E35A /* Coordinators */ = {
			isa = PBXGroup;
			children = (
				A1FBA25D28A012CC0061E35A /* AppDelegate.swift */,
				A1FBA25F28A012CC0061E35A /* SceneDelegate.swift */,
				A1FBA28D28A0134E0061E35A /* Coordinator.swift */,
				A1FBA26128A012CC0061E35A /* ViewController.swift */,
				A1FBA26328A012CC0061E35A /* Main.storyboard */,
				A1FBA26628A012CF0061E35A /* Assets.xcassets */,
				A1FBA26828A012CF0061E35A /* LaunchScreen.storyboard */,
				A1FBA26B28A012CF0061E35A /* Info.plist */,
			);
			path = Coordinators;
			sourceTree = "<group>";
		};
		A1FBA27328A012CF0061E35A /* CoordinatorsTests */ = {
			isa = PBXGroup;
			children = (
				A1FBA27428A012CF0061E35A /* CoordinatorsTests.swift */,
			);
			path = CoordinatorsTests;
			sourceTree = "<group>";
		};
		A1FBA27D28A012CF0061E35A /* CoordinatorsUITests */ = {
			isa = PBXGroup;
			children = (
				A1FBA27E28A012CF0061E35A /* CoordinatorsUITests.swift */,
				A1FBA28028A012CF0061E35A /* CoordinatorsUITestsLaunchTests.swift */,
			);
			path = CoordinatorsUITests;
			sourceTree = "<group>";
		};
/* End PBXGroup section */

/* Begin PBXNativeTarget section */
		A1FBA25928A012CC0061E35A /* Coordinators */ = {
			isa = PBXNativeTarget;
			buildConfigurationList = A1FBA28428A012CF0061E35A /* Build configuration list for PBXNativeTarget "Coordinators" */;
			buildPhases = (
				A1FBA25628A012CC0061E35A /* Sources */,
				A1FBA25728A012CC0061E35A /* Frameworks */,
				A1FBA25828A012CC0061E35A /* Resources */,
			);
			buildRules = (
			);
			dependencies = (
			);
			name = Coordinators;
			productName = Coordinators;
			productReference = A1FBA25A28A012CC0061E35A /* Coordinators.app */;
			productType = "com.apple.product-type.application";
		};
		A1FBA26F28A012CF0061E35A /* CoordinatorsTests */ = {
			isa = PBXNativeTarget;
			buildConfigurationList = A1FBA28728A012CF0061E35A /* Build configuration list for PBXNativeTarget "CoordinatorsTests" */;
			buildPhases = (
				A1FBA26C28A012CF0061E35A /* Sources */,
				A1FBA26D28A012CF0061E35A /* Frameworks */,
				A1FBA26E28A012CF0061E35A /* Resources */,
			);
			buildRules = (
			);
			dependencies = (
				A1FBA27228A012CF0061E35A /* PBXTargetDependency */,
			);
			name = CoordinatorsTests;
			productName = CoordinatorsTests;
			productReference = A1FBA27028A012CF0061E35A /* CoordinatorsTests.xctest */;
			productType = "com.apple.product-type.bundle.unit-test";
		};
		A1FBA27928A012CF0061E35A /* CoordinatorsUITests */ = {
			isa = PBXNativeTarget;
			buildConfigurationList = A1FBA28A28A012CF0061E35A /* Build configuration list for PBXNativeTarget "CoordinatorsUITests" */;
			buildPhases = (
				A1FBA27628A012CF0061E35A /* Sources */,
				A1FBA27728A012CF0061E35A /* Frameworks */,
				A1FBA27828A012CF0061E35A /* Resources */,
			);
			buildRules = (
			);
			dependencies = (
				A1FBA27C28A012CF0061E35A /* PBXTargetDependency */,
			);
			name = CoordinatorsUITests;
			productName = CoordinatorsUITests;
			productReference = A1FBA27A28A012CF0061E35A /* CoordinatorsUITests.xctest */;
			productType = "com.apple.product-type.bundle.ui-testing";
		};
/* End PBXNativeTarget section */

/* Begin PBXProject section */
		A1FBA25228A012CC0061E35A /* Project object */ = {
			isa = PBXProject;
			attributes = {
				BuildIndependentTargetsInParallel = 1;
				LastSwiftUpdateCheck = 1340;
				LastUpgradeCheck = 1340;
				TargetAttributes = {
					A1FBA25928A012CC0061E35A = {
						CreatedOnToolsVersion = 13.4.1;
					};
					A1FBA26F28A012CF0061E35A = {
						CreatedOnToolsVersion = 13.4.1;
						TestTargetID = A1FBA25928A012CC0061E35A;
					};
					A1FBA27928A012CF0061E35A = {
						CreatedOnToolsVersion = 13.4.1;
						TestTargetID = A1FBA25928A012CC0061E35A;
					};
				};
			};
			buildConfigurationList = A1FBA25528A012CC0061E35A /* Build configuration list for PBXProject "Coordinators" */;
			compatibilityVersion = "Xcode 13.0";
			developmentRegion = en;
			hasScannedForEncodings = 0;
			knownRegions = (
				en,
				Base,
			);
			mainGroup = A1FBA25128A012CC0061E35A;
			productRefGroup = A1FBA25B28A012CC0061E35A /* Products */;
			projectDirPath = "";
			projectRoot = "";
			targets = (
				A1FBA25928A012CC0061E35A /* Coordinators */,
				A1FBA26F28A012CF0061E35A /* CoordinatorsTests */,
				A1FBA27928A012CF0061E35A /* CoordinatorsUITests */,
			);
		};
/* End PBXProject section */

/* Begin PBXResourcesBuildPhase section */
		A1FBA25828A012CC0061E35A /* Resources */ = {
			isa = PBXResourcesBuildPhase;
			buildActionMask = 2147483647;
			files = (
				A1FBA26A28A012CF0061E35A /* LaunchScreen.storyboard in Resources */,
				A1FBA26728A012CF0061E35A /* Assets.xcassets in Resources */,
				A1FBA26528A012CC0061E35A /* Main.storyboard in Resources */,
			);
			runOnlyForDeploymentPostprocessing = 0;
		};
		A1FBA26E28A012CF0061E35A /* Resources */ = {
			isa = PBXResourcesBuildPhase;
			buildActionMask = 2147483647;
			files = (
			);
			runOnlyForDeploymentPostprocessing = 0;
		};
		A1FBA27828A012CF0061E35A /* Resources */ = {
			isa = PBXResourcesBuildPhase;
			buildActionMask = 2147483647;
			files = (
			);
			runOnlyForDeploymentPostprocessing = 0;
		};
/* End PBXResourcesBuildPhase section */

/* Begin PBXSourcesBuildPhase section */
		A1FBA25628A012CC0061E35A /* Sources */ = {
			isa = PBXSourcesBuildPhase;
			buildActionMask = 2147483647;
			files = (
				A1FBA28E28A0134E0061E35A /* Coordinator.swift in Sources */,
				A1FBA26228A012CC0061E35A /* ViewController.swift in Sources */,
				A1FBA25E28A012CC0061E35A /* AppDelegate.swift in Sources */,
				A1FBA26028A012CC0061E35A /* SceneDelegate.swift in Sources */,
			);
			runOnlyForDeploymentPostprocessing = 0;
		};
		A1FBA26C28A012CF0061E35A /* Sources */ = {
			isa = PBXSourcesBuildPhase;
			buildActionMask = 2147483647;
			files = (
				A1FBA27528A012CF0061E35A /* CoordinatorsTests.swift in Sources */,
			);
			runOnlyForDeploymentPostprocessing = 0;
		};
		A1FBA27628A012CF0061E35A /* Sources */ = {
			isa = PBXSourcesBuildPhase;
			buildActionMask = 2147483647;
			files = (
				A1FBA27F28A012CF0061E35A /* CoordinatorsUITests.swift in Sources */,
				A1FBA28128A012CF0061E35A /* CoordinatorsUITestsLaunchTests.swift in Sources */,
			);
			runOnlyForDeploymentPostprocessing = 0;
		};
/* End PBXSourcesBuildPhase section */

/* Begin PBXTargetDependency section */
		A1FBA27228A012CF0061E35A /* PBXTargetDependency */ = {
			isa = PBXTargetDependency;
			target = A1FBA25928A012CC0061E35A /* Coordinators */;
			targetProxy = A1FBA27128A012CF0061E35A /* PBXContainerItemProxy */;
		};
		A1FBA27C28A012CF0061E35A /* PBXTargetDependency */ = {
			isa = PBXTargetDependency;
			target = A1FBA25928A012CC0061E35A /* Coordinators */;
			targetProxy = A1FBA27B28A012CF0061E35A /* PBXContainerItemProxy */;
		};
/* End PBXTargetDependency section */

/* Begin PBXVariantGroup section */
		A1FBA26328A012CC0061E35A /* Main.storyboard */ = {
			isa = PBXVariantGroup;
			children = (
				A1FBA26428A012CC0061E35A /* Base */,
			);
			name = Main.storyboard;
			sourceTree = "<group>";
		};
		A1FBA26828A012CF0061E35A /* LaunchScreen.storyboard */ = {
			isa = PBXVariantGroup;
			children = (
				A1FBA26928A012CF0061E35A /* Base */,
			);
			name = LaunchScreen.storyboard;
			sourceTree = "<group>";
		};
/* End PBXVariantGroup section */

/* Begin XCBuildConfiguration section */
		A1FBA28228A012CF0061E35A /* Debug */ = {
			isa = XCBuildConfiguration;
			buildSettings = {
				ALWAYS_SEARCH_USER_PATHS = NO;
				CLANG_ANALYZER_NONNULL = YES;
				CLANG_ANALYZER_NUMBER_OBJECT_CONVERSION = YES_AGGRESSIVE;
				CLANG_CXX_LANGUAGE_STANDARD = "gnu++17";
				CLANG_ENABLE_MODULES = YES;
				CLANG_ENABLE_OBJC_ARC = YES;
				CLANG_ENABLE_OBJC_WEAK = YES;
				CLANG_WARN_BLOCK_CAPTURE_AUTORELEASING = YES;
				CLANG_WARN_BOOL_CONVERSION = YES;
				CLANG_WARN_COMMA = YES;
				CLANG_WARN_CONSTANT_CONVERSION = YES;
				CLANG_WARN_DEPRECATED_OBJC_IMPLEMENTATIONS = YES;
				CLANG_WARN_DIRECT_OBJC_ISA_USAGE = YES_ERROR;
				CLANG_WARN_DOCUMENTATION_COMMENTS = YES;
				CLANG_WARN_EMPTY_BODY = YES;
				CLANG_WARN_ENUM_CONVERSION = YES;
				CLANG_WARN_INFINITE_RECURSION = YES;
				CLANG_WARN_INT_CONVERSION = YES;
				CLANG_WARN_NON_LITERAL_NULL_CONVERSION = YES;
				CLANG_WARN_OBJC_IMPLICIT_RETAIN_SELF = YES;
				CLANG_WARN_OBJC_LITERAL_CONVERSION = YES;
				CLANG_WARN_OBJC_ROOT_CLASS = YES_ERROR;
				CLANG_WARN_QUOTED_INCLUDE_IN_FRAMEWORK_HEADER = YES;
				CLANG_WARN_RANGE_LOOP_ANALYSIS = YES;
				CLANG_WARN_STRICT_PROTOTYPES = YES;
				CLANG_WARN_SUSPICIOUS_MOVE = YES;
				CLANG_WARN_UNGUARDED_AVAILABILITY = YES_AGGRESSIVE;
				CLANG_WARN_UNREACHABLE_CODE = YES;
				CLANG_WARN__DUPLICATE_METHOD_MATCH = YES;
				COPY_PHASE_STRIP = NO;
				DEBUG_INFORMATION_FORMAT = dwarf;
				ENABLE_STRICT_OBJC_MSGSEND = YES;
				ENABLE_TESTABILITY = YES;
				GCC_C_LANGUAGE_STANDARD = gnu11;
				GCC_DYNAMIC_NO_PIC = NO;
				GCC_NO_COMMON_BLOCKS = YES;
				GCC_OPTIMIZATION_LEVEL = 0;
				GCC_PREPROCESSOR_DEFINITIONS = (
					"DEBUG=1",
					"$(inherited)",
				);
				GCC_WARN_64_TO_32_BIT_CONVERSION = YES;
				GCC_WARN_ABOUT_RETURN_TYPE = YES_ERROR;
				GCC_WARN_UNDECLARED_SELECTOR = YES;
				GCC_WARN_UNINITIALIZED_AUTOS = YES_AGGRESSIVE;
				GCC_WARN_UNUSED_FUNCTION = YES;
				GCC_WARN_UNUSED_VARIABLE = YES;
				IPHONEOS_DEPLOYMENT_TARGET = 15.5;
				MTL_ENABLE_DEBUG_INFO = INCLUDE_SOURCE;
				MTL_FAST_MATH = YES;
				ONLY_ACTIVE_ARCH = YES;
				SDKROOT = iphoneos;
				SWIFT_ACTIVE_COMPILATION_CONDITIONS = DEBUG;
				SWIFT_OPTIMIZATION_LEVEL = "-Onone";
			};
			name = Debug;
		};
		A1FBA28328A012CF0061E35A /* Release */ = {
			isa = XCBuildConfiguration;
			buildSettings = {
				ALWAYS_SEARCH_USER_PATHS = NO;
				CLANG_ANALYZER_NONNULL = YES;
				CLANG_ANALYZER_NUMBER_OBJECT_CONVERSION = YES_AGGRESSIVE;
				CLANG_CXX_LANGUAGE_STANDARD = "gnu++17";
				CLANG_ENABLE_MODULES = YES;
				CLANG_ENABLE_OBJC_ARC = YES;
				CLANG_ENABLE_OBJC_WEAK = YES;
				CLANG_WARN_BLOCK_CAPTURE_AUTORELEASING = YES;
				CLANG_WARN_BOOL_CONVERSION = YES;
				CLANG_WARN_COMMA = YES;
				CLANG_WARN_CONSTANT_CONVERSION = YES;
				CLANG_WARN_DEPRECATED_OBJC_IMPLEMENTATIONS = YES;
				CLANG_WARN_DIRECT_OBJC_ISA_USAGE = YES_ERROR;
				CLANG_WARN_DOCUMENTATION_COMMENTS = YES;
				CLANG_WARN_EMPTY_BODY = YES;
				CLANG_WARN_ENUM_CONVERSION = YES;
				CLANG_WARN_INFINITE_RECURSION = YES;
				CLANG_WARN_INT_CONVERSION = YES;
				CLANG_WARN_NON_LITERAL_NULL_CONVERSION = YES;
				CLANG_WARN_OBJC_IMPLICIT_RETAIN_SELF = YES;
				CLANG_WARN_OBJC_LITERAL_CONVERSION = YES;
				CLANG_WARN_OBJC_ROOT_CLASS = YES_ERROR;
				CLANG_WARN_QUOTED_INCLUDE_IN_FRAMEWORK_HEADER = YES;
				CLANG_WARN_RANGE_LOOP_ANALYSIS = YES;
				CLANG_WARN_STRICT_PROTOTYPES = YES;
				CLANG_WARN_SUSPICIOUS_MOVE = YES;
				CLANG_WARN_UNGUARDED_AVAILABILITY = YES_AGGRESSIVE;
				CLANG_WARN_UNREACHABLE_CODE = YES;
				CLANG_WARN__DUPLICATE_METHOD_MATCH = YES;
				COPY_PHASE_STRIP = NO;
				DEBUG_INFORMATION_FORMAT = "dwarf-with-dsym";
				ENABLE_NS_ASSERTIONS = NO;
				ENABLE_STRICT_OBJC_MSGSEND = YES;
				GCC_C_LANGUAGE_STANDARD = gnu11;
				GCC_NO_COMMON_BLOCKS = YES;
				GCC_WARN_64_TO_32_BIT_CONVERSION = YES;
				GCC_WARN_ABOUT_RETURN_TYPE = YES_ERROR;
				GCC_WARN_UNDECLARED_SELECTOR = YES;
				GCC_WARN_UNINITIALIZED_AUTOS = YES_AGGRESSIVE;
				GCC_WARN_UNUSED_FUNCTION = YES;
				GCC_WARN_UNUSED_VARIABLE = YES;
				IPHONEOS_DEPLOYMENT_TARGET = 15.5;
				MTL_ENABLE_DEBUG_INFO = NO;
				MTL_FAST_MATH = YES;
				SDKROOT = iphoneos;
				SWIFT_COMPILATION_MODE = wholemodule;
				SWIFT_OPTIMIZATION_LEVEL = "-O";
				VALIDATE_PRODUCT = YES;
			};
			name = Release;
		};
		A1FBA28528A012CF0061E35A /* Debug */ = {
			isa = XCBuildConfiguration;
			buildSettings = {
				ASSETCATALOG_COMPILER_APPICON_NAME = AppIcon;
				ASSETCATALOG_COMPILER_GLOBAL_ACCENT_COLOR_NAME = AccentColor;
				CODE_SIGN_STYLE = Automatic;
				CURRENT_PROJECT_VERSION = 1;
				DEVELOPMENT_TEAM = 59XYW74885;
				GENERATE_INFOPLIST_FILE = YES;
				INFOPLIST_FILE = Coordinators/Info.plist;
				INFOPLIST_KEY_UIApplicationSupportsIndirectInputEvents = YES;
				INFOPLIST_KEY_UILaunchStoryboardName = LaunchScreen;
				INFOPLIST_KEY_UIMainStoryboardFile = Main;
				INFOPLIST_KEY_UISupportedInterfaceOrientations_iPad = "UIInterfaceOrientationPortrait UIInterfaceOrientationPortraitUpsideDown UIInterfaceOrientationLandscapeLeft UIInterfaceOrientationLandscapeRight";
				INFOPLIST_KEY_UISupportedInterfaceOrientations_iPhone = "UIInterfaceOrientationPortrait UIInterfaceOrientationLandscapeLeft UIInterfaceOrientationLandscapeRight";
				LD_RUNPATH_SEARCH_PATHS = (
					"$(inherited)",
					"@executable_path/Frameworks",
				);
				MARKETING_VERSION = 1.0;
				PRODUCT_BUNDLE_IDENTIFIER = com.nicolocurioni.Coordinators;
				PRODUCT_NAME = "$(TARGET_NAME)";
				SWIFT_EMIT_LOC_STRINGS = YES;
				SWIFT_VERSION = 5.0;
				TARGETED_DEVICE_FAMILY = "1,2";
			};
			name = Debug;
		};
		A1FBA28628A012CF0061E35A /* Release */ = {
			isa = XCBuildConfiguration;
			buildSettings = {
				ASSETCATALOG_COMPILER_APPICON_NAME = AppIcon;
				ASSETCATALOG_COMPILER_GLOBAL_ACCENT_COLOR_NAME = AccentColor;
				CODE_SIGN_STYLE = Automatic;
				CURRENT_PROJECT_VERSION = 1;
				DEVELOPMENT_TEAM = 59XYW74885;
				GENERATE_INFOPLIST_FILE = YES;
				INFOPLIST_FILE = Coordinators/Info.plist;
				INFOPLIST_KEY_UIApplicationSupportsIndirectInputEvents = YES;
				INFOPLIST_KEY_UILaunchStoryboardName = LaunchScreen;
				INFOPLIST_KEY_UIMainStoryboardFile = Main;
				INFOPLIST_KEY_UISupportedInterfaceOrientations_iPad = "UIInterfaceOrientationPortrait UIInterfaceOrientationPortraitUpsideDown UIInterfaceOrientationLandscapeLeft UIInterfaceOrientationLandscapeRight";
				INFOPLIST_KEY_UISupportedInterfaceOrientations_iPhone = "UIInterfaceOrientationPortrait UIInterfaceOrientationLandscapeLeft UIInterfaceOrientationLandscapeRight";
				LD_RUNPATH_SEARCH_PATHS = (
					"$(inherited)",
					"@executable_path/Frameworks",
				);
				MARKETING_VERSION = 1.0;
				PRODUCT_BUNDLE_IDENTIFIER = com.nicolocurioni.Coordinators;
				PRODUCT_NAME = "$(TARGET_NAME)";
				SWIFT_EMIT_LOC_STRINGS = YES;
				SWIFT_VERSION = 5.0;
				TARGETED_DEVICE_FAMILY = "1,2";
			};
			name = Release;
		};
		A1FBA28828A012CF0061E35A /* Debug */ = {
			isa = XCBuildConfiguration;
			buildSettings = {
				ALWAYS_EMBED_SWIFT_STANDARD_LIBRARIES = YES;
				BUNDLE_LOADER = "$(TEST_HOST)";
				CODE_SIGN_STYLE = Automatic;
				CURRENT_PROJECT_VERSION = 1;
				DEVELOPMENT_TEAM = 59XYW74885;
				GENERATE_INFOPLIST_FILE = YES;
				IPHONEOS_DEPLOYMENT_TARGET = 15.5;
				MARKETING_VERSION = 1.0;
				PRODUCT_BUNDLE_IDENTIFIER = com.nicolocurioni.CoordinatorsTests;
				PRODUCT_NAME = "$(TARGET_NAME)";
				SWIFT_EMIT_LOC_STRINGS = NO;
				SWIFT_VERSION = 5.0;
				TARGETED_DEVICE_FAMILY = "1,2";
				TEST_HOST = "$(BUILT_PRODUCTS_DIR)/Coordinators.app/Coordinators";
			};
			name = Debug;
		};
		A1FBA28928A012CF0061E35A /* Release */ = {
			isa = XCBuildConfiguration;
			buildSettings = {
				ALWAYS_EMBED_SWIFT_STANDARD_LIBRARIES = YES;
				BUNDLE_LOADER = "$(TEST_HOST)";
				CODE_SIGN_STYLE = Automatic;
				CURRENT_PROJECT_VERSION = 1;
				DEVELOPMENT_TEAM = 59XYW74885;
				GENERATE_INFOPLIST_FILE = YES;
				IPHONEOS_DEPLOYMENT_TARGET = 15.5;
				MARKETING_VERSION = 1.0;
				PRODUCT_BUNDLE_IDENTIFIER = com.nicolocurioni.CoordinatorsTests;
				PRODUCT_NAME = "$(TARGET_NAME)";
				SWIFT_EMIT_LOC_STRINGS = NO;
				SWIFT_VERSION = 5.0;
				TARGETED_DEVICE_FAMILY = "1,2";
				TEST_HOST = "$(BUILT_PRODUCTS_DIR)/Coordinators.app/Coordinators";
			};
			name = Release;
		};
		A1FBA28B28A012CF0061E35A /* Debug */ = {
			isa = XCBuildConfiguration;
			buildSettings = {
				ALWAYS_EMBED_SWIFT_STANDARD_LIBRARIES = YES;
				CODE_SIGN_STYLE = Automatic;
				CURRENT_PROJECT_VERSION = 1;
				DEVELOPMENT_TEAM = 59XYW74885;
				GENERATE_INFOPLIST_FILE = YES;
				MARKETING_VERSION = 1.0;
				PRODUCT_BUNDLE_IDENTIFIER = com.nicolocurioni.CoordinatorsUITests;
				PRODUCT_NAME = "$(TARGET_NAME)";
				SWIFT_EMIT_LOC_STRINGS = NO;
				SWIFT_VERSION = 5.0;
				TARGETED_DEVICE_FAMILY = "1,2";
				TEST_TARGET_NAME = Coordinators;
			};
			name = Debug;
		};
		A1FBA28C28A012CF0061E35A /* Release */ = {
			isa = XCBuildConfiguration;
			buildSettings = {
				ALWAYS_EMBED_SWIFT_STANDARD_LIBRARIES = YES;
				CODE_SIGN_STYLE = Automatic;
				CURRENT_PROJECT_VERSION = 1;
				DEVELOPMENT_TEAM = 59XYW74885;
				GENERATE_INFOPLIST_FILE = YES;
				MARKETING_VERSION = 1.0;
				PRODUCT_BUNDLE_IDENTIFIER = com.nicolocurioni.CoordinatorsUITests;
				PRODUCT_NAME = "$(TARGET_NAME)";
				SWIFT_EMIT_LOC_STRINGS = NO;
				SWIFT_VERSION = 5.0;
				TARGETED_DEVICE_FAMILY = "1,2";
				TEST_TARGET_NAME = Coordinators;
			};
			name = Release;
		};
/* End XCBuildConfiguration section */

/* Begin XCConfigurationList section */
		A1FBA25528A012CC0061E35A /* Build configuration list for PBXProject "Coordinators" */ = {
			isa = XCConfigurationList;
			buildConfigurations = (
				A1FBA28228A012CF0061E35A /* Debug */,
				A1FBA28328A012CF0061E35A /* Release */,
			);
			defaultConfigurationIsVisible = 0;
			defaultConfigurationName = Release;
		};
		A1FBA28428A012CF0061E35A /* Build configuration list for PBXNativeTarget "Coordinators" */ = {
			isa = XCConfigurationList;
			buildConfigurations = (
				A1FBA28528A012CF0061E35A /* Debug */,
				A1FBA28628A012CF0061E35A /* Release */,
			);
			defaultConfigurationIsVisible = 0;
			defaultConfigurationName = Release;
		};
		A1FBA28728A012CF0061E35A /* Build configuration list for PBXNativeTarget "CoordinatorsTests" */ = {
			isa = XCConfigurationList;
			buildConfigurations = (
				A1FBA28828A012CF0061E35A /* Debug */,
				A1FBA28928A012CF0061E35A /* Release */,
			);
			defaultConfigurationIsVisible = 0;
			defaultConfigurationName = Release;
		};
		A1FBA28A28A012CF0061E35A /* Build configuration list for PBXNativeTarget "CoordinatorsUITests" */ = {
			isa = XCConfigurationList;
			buildConfigurations = (
				A1FBA28B28A012CF0061E35A /* Debug */,
				A1FBA28C28A012CF0061E35A /* Release */,
			);
			defaultConfigurationIsVisible = 0;
			defaultConfigurationName = Release;
		};
/* End XCConfigurationList section */
	};
	rootObject = A1FBA25228A012CC0061E35A /* Project object */;
}
